
Microsoft Visual Studio Solution File, Format Version 12.00
Project("{FAE04EC0-301F-11D3-BF4B-00C04F79EFBC}") = "AuthorizationChecker", "AuthorizationChecker\AuthorizationChecker.csproj", "{AC3938B6-65C4-48AE-ACCE-E4B4BD73C0EF}"
EndProject
Global
	GlobalSection(SolutionConfigurationPlatforms) = preSolution
		Debug|Any CPU = Debug|Any CPU
		Release|Any CPU = Release|Any CPU
	EndGlobalSection
	GlobalSection(ProjectConfigurationPlatforms) = postSolution
		{AC3938B6-65C4-48AE-ACCE-E4B4BD73C0EF}.Debug|Any CPU.ActiveCfg = Debug|Any CPU
		{AC3938B6-65C4-48AE-ACCE-E4B4BD73C0EF}.Debug|Any CPU.Build.0 = Debug|Any CPU
		{AC3938B6-65C4-48AE-ACCE-E4B4BD73C0EF}.Release|Any CPU.ActiveCfg = Release|Any CPU
		{AC3938B6-65C4-48AE-ACCE-E4B4BD73C0EF}.Release|Any CPU.Build.0 = Release|Any CPU
	EndGlobalSection
EndGlobal
